PODS:
  - SDWebImage (5.0.0-beta3):
    - SDWebImage/Core (= 5.0.0-beta3)
  - SDWebImage/Core (5.0.0-beta3)

DEPENDENCIES:
  - SDWebImage (~> 5.0.0-beta3)

SPEC REPOS:
  https://github.com/CocoaPods/Specs.git:
    - SDWebImage

SPEC CHECKSUMS:
  SDWebImage: e52654ceef9fdc19f4c612d64a5b6d3f05dd81a4

PODFILE CHECKSUM: 027a237a130f37bd724d9b6a161734a039db6aeb

COCOAPODS: 1.5.0
